
Microsoft Visual Studio Solution File, Format Version 12.00
# Visual Studio Version 17
VisualStudioVersion = 17.3.32505.426
MinimumVisualStudioVersion = 10.0.40219.1
Project("{8BC9CEB8-8B4A-11D0-8D11-00A0C91BC942}") = "Two Dimensional Char Pointer Dynamic Size Array", "Two Dimensional Char Pointer Dynamic Size Array\Two Dimensional Char Pointer Dynamic Size Array.vcxproj", "{D72D7BB5-3853-43CE-A25C-2E9ADE6E8D47}"
EndProject
Global
	GlobalSection(SolutionConfigurationPlatforms) = preSolution
		Debug|x64 = Debug|x64
		Debug|x86 = Debug|x86
		Release|x64 = Release|x64
		Release|x86 = Release|x86
	EndGlobalSection
	GlobalSection(ProjectConfigurationPlatforms) = postSolution
		{D72D7BB5-3853-43CE-A25C-2E9ADE6E8D47}.Debug|x64.ActiveCfg = Debug|x64
		{D72D7BB5-3853-43CE-A25C-2E9ADE6E8D47}.Debug|x64.Build.0 = Debug|x64
		{D72D7BB5-3853-43CE-A25C-2E9ADE6E8D47}.Debug|x86.ActiveCfg = Debug|Win32
		{D72D7BB5-3853-43CE-A25C-2E9ADE6E8D47}.Debug|x86.Build.0 = Debug|Win32
		{D72D7BB5-3853-43CE-A25C-2E9ADE6E8D47}.Release|x64.ActiveCfg = Release|x64
		{D72D7BB5-3853-43CE-A25C-2E9ADE6E8D47}.Release|x64.Build.0 = Release|x64
		{D72D7BB5-3853-43CE-A25C-2E9ADE6E8D47}.Release|x86.ActiveCfg = Release|Win32
		{D72D7BB5-3853-43CE-A25C-2E9ADE6E8D47}.Release|x86.Build.0 = Release|Win32
	EndGlobalSection
	GlobalSection(SolutionProperties) = preSolution
		HideSolutionNode = FALSE
	EndGlobalSection
	GlobalSection(ExtensibilityGlobals) = postSolution
		SolutionGuid = {5E23D011-BC0F-4891-A1C0-706FF87BA808}
	EndGlobalSection
EndGlobal
